
Microsoft Visual Studio Solution File, Format Version 12.00
# Visual Studio Version 16
VisualStudioVersion = 16.0.29519.87
MinimumVisualStudioVersion = 10.0.40219.1
Project("{FAE04EC0-301F-11D3-BF4B-00C04F79EFBC}") = "Calculator1", "Calculator1\Calculator1.csproj", "{A545AD55-04A2-4BBF-8885-BABD6204120C}"
EndProject
Global
	GlobalSection(SolutionConfigurationPlatforms) = preSolution
		Debug|Any CPU = Debug|Any CPU
		Release|Any CPU = Release|Any CPU
	EndGlobalSection
	GlobalSection(ProjectConfigurationPlatforms) = postSolution
		{A545AD55-04A2-4BBF-8885-BABD6204120C}.Debug|Any CPU.ActiveCfg = Debug|Any CPU
		{A545AD55-04A2-4BBF-8885-BABD6204120C}.Debug|Any CPU.Build.0 = Debug|Any CPU
		{A545AD55-04A2-4BBF-8885-BABD6204120C}.Release|Any CPU.ActiveCfg = Release|Any CPU
		{A545AD55-04A2-4BBF-8885-BABD6204120C}.Release|Any CPU.Build.0 = Release|Any CPU
	EndGlobalSection
	GlobalSection(SolutionProperties) = preSolution
		HideSolutionNode = FALSE
	EndGlobalSection
	GlobalSection(ExtensibilityGlobals) = postSolution
		SolutionGuid = {0B193D5E-8E11-43D0-A85C-A9E357AA1AF5}
	EndGlobalSection
EndGlobal
