
Microsoft Visual Studio Solution File, Format Version 12.00
# Visual Studio Version 16
VisualStudioVersion = 16.0.29709.97
MinimumVisualStudioVersion = 10.0.40219.1
Project("{FAE04EC0-301F-11D3-BF4B-00C04F79EFBC}") = "NumberChecker", "NumberChecker\NumberChecker.csproj", "{AC60A898-ECAE-449B-B427-22708AA66D2D}"
EndProject
Global
	GlobalSection(SolutionConfigurationPlatforms) = preSolution
		Debug|Any CPU = Debug|Any CPU
		Release|Any CPU = Release|Any CPU
	EndGlobalSection
	GlobalSection(ProjectConfigurationPlatforms) = postSolution
		{AC60A898-ECAE-449B-B427-22708AA66D2D}.Debug|Any CPU.ActiveCfg = Debug|Any CPU
		{AC60A898-ECAE-449B-B427-22708AA66D2D}.Debug|Any CPU.Build.0 = Debug|Any CPU
		{AC60A898-ECAE-449B-B427-22708AA66D2D}.Release|Any CPU.ActiveCfg = Release|Any CPU
		{AC60A898-ECAE-449B-B427-22708AA66D2D}.Release|Any CPU.Build.0 = Release|Any CPU
	EndGlobalSection
	GlobalSection(SolutionProperties) = preSolution
		HideSolutionNode = FALSE
	EndGlobalSection
	GlobalSection(ExtensibilityGlobals) = postSolution
		SolutionGuid = {002A1123-2763-42BA-AE8D-19ADB6D967B8}
	EndGlobalSection
EndGlobal
